
Microsoft Visual Studio Solution File, Format Version 12.00
# Visual Studio 15
VisualStudioVersion = 15.0.27428.2043
MinimumVisualStudioVersion = 10.0.40219.1
Project("{888888A0-9F3D-457C-B088-3A5042F75D52}") = "boletines_tsjcdmx", "boletines_tsjcdmx\boletines_tsjcdmx.pyproj", "{34813703-3FF3-481F-9E79-91BEE999F6BA}"
EndProject
Project("{2150E333-8FDC-42A3-9474-1A3956D46DE8}") = "Solution Items", "Solution Items", "{E3BDA03B-7F4A-4851-B94C-88C4AEC31070}"
	ProjectSection(SolutionItems) = preProject
		boletines_tsjcdmx\elyxer.py = boletines_tsjcdmx\elyxer.py
	EndProjectSection
EndProject
Global
	GlobalSection(SolutionConfigurationPlatforms) = preSolution
		Debug|Any CPU = Debug|Any CPU
		Release|Any CPU = Release|Any CPU
	EndGlobalSection
	GlobalSection(ProjectConfigurationPlatforms) = postSolution
		{34813703-3FF3-481F-9E79-91BEE999F6BA}.Debug|Any CPU.ActiveCfg = Debug|Any CPU
		{34813703-3FF3-481F-9E79-91BEE999F6BA}.Release|Any CPU.ActiveCfg = Release|Any CPU
	EndGlobalSection
	GlobalSection(SolutionProperties) = preSolution
		HideSolutionNode = FALSE
	EndGlobalSection
	GlobalSection(ExtensibilityGlobals) = postSolution
		SolutionGuid = {88ECE237-6B93-4FB1-BC35-18D3287BECF3}
	EndGlobalSection
EndGlobal
